// !$*UTF8*$!
{
	archiveVersion = 1;
	classes = {
	};
	objectVersion = 48;
	objects = {

/* Begin PBXBuildFile section */
		CC529A84FC95949B5C037F1A /* Pods_SimpleChat.framework in Frameworks */ = {isa = PBXBuildFile; fileRef = 115538E6191D9E6FBFDA2872 /* Pods_SimpleChat.framework */; };
		CD1A8E1D2055B1B90036A4EE /* AppDelegate.swift in Sources */ = {isa = PBXBuildFile; fileRef = CD1A8E1C2055B1B90036A4EE /* AppDelegate.swift */; };
		CD1A8E1F2055B1B90036A4EE /* ViewController.swift in Sources */ = {isa = PBXBuildFile; fileRef = CD1A8E1E2055B1B90036A4EE /* ViewController.swift */; };
		CD1A8E222055B1B90036A4EE /* Main.storyboard in Resources */ = {isa = PBXBuildFile; fileRef = CD1A8E202055B1B90036A4EE /* Main.storyboard */; };
		CD1A8E242055B1B90036A4EE /* Assets.xcassets in Resources */ = {isa = PBXBuildFile; fileRef = CD1A8E232055B1B90036A4EE /* Assets.xcassets */; };
		CD1A8E272055B1B90036A4EE /* LaunchScreen.storyboard in Resources */ = {isa = PBXBuildFile; fileRef = CD1A8E252055B1B90036A4EE /* LaunchScreen.storyboard */; };
		CD1A8E362055B21C0036A4EE /* ChatMessagesNode.swift in Sources */ = {isa = PBXBuildFile; fileRef = CD1A8E302055B21C0036A4EE /* ChatMessagesNode.swift */; };
		CD1A8E372055B21C0036A4EE /* MessageInputNode.swift in Sources */ = {isa = PBXBuildFile; fileRef = CD1A8E312055B21C0036A4EE /* MessageInputNode.swift */; };
		CD1A8E392055B21C0036A4EE /* ChatMessageViewController.swift in Sources */ = {isa = PBXBuildFile; fileRef = CD1A8E332055B21C0036A4EE /* ChatMessageViewController.swift */; };
		CD1A8E402055B37B0036A4EE /* MessageBubbleStyleProvider.swift in Sources */ = {isa = PBXBuildFile; fileRef = CD1A8E3B2055B37B0036A4EE /* MessageBubbleStyleProvider.swift */; };
		CD1A8E412055B37B0036A4EE /* MessageCellNode.swift in Sources */ = {isa = PBXBuildFile; fileRef = CD1A8E3C2055B37B0036A4EE /* MessageCellNode.swift */; };
		CD1A8E422055B37B0036A4EE /* MessageTextNode.swift in Sources */ = {isa = PBXBuildFile; fileRef = CD1A8E3D2055B37B0036A4EE /* MessageTextNode.swift */; };
		CD1A8E432055B37B0036A4EE /* Message.swift in Sources */ = {isa = PBXBuildFile; fileRef = CD1A8E3E2055B37B0036A4EE /* Message.swift */; };
		CD1A8E442055B37B0036A4EE /* MessageTextBubbleNode.swift in Sources */ = {isa = PBXBuildFile; fileRef = CD1A8E3F2055B37B0036A4EE /* MessageTextBubbleNode.swift */; };
		CD1A8E462055B4750036A4EE /* ImageExtensions.swift in Sources */ = {isa = PBXBuildFile; fileRef = CD1A8E452055B4750036A4EE /* ImageExtensions.swift */; };
		CD1A8E4A2055CF630036A4EE /* ColorExtensions.swift in Sources */ = {isa = PBXBuildFile; fileRef = CD1A8E482055CF630036A4EE /* ColorExtensions.swift */; };
		CD5EE3A220563907001E6ECC /* MessageController.swift in Sources */ = {isa = PBXBuildFile; fileRef = CD5EE3A120563907001E6ECC /* MessageController.swift */; };
		CD603C702055D0BF0041B5CC /* StringExtensions.swift in Sources */ = {isa = PBXBuildFile; fileRef = CD603C6F2055D0BF0041B5CC /* StringExtensions.swift */; };
/* End PBXBuildFile section */

/* Begin PBXFileReference section */
		115538E6191D9E6FBFDA2872 /* Pods_SimpleChat.framework */ = {isa = PBXFileReference; explicitFileType = wrapper.framework; includeInIndex = 0; path = Pods_SimpleChat.framework; sourceTree = BUILT_PRODUCTS_DIR; };
		92150E3E4B884D7C7315A58E /* Pods-SimpleChat.debug.xcconfig */ = {isa = PBXFileReference; includeInIndex = 1; lastKnownFileType = text.xcconfig; name = "Pods-SimpleChat.debug.xcconfig"; path = "Pods/Target Support Files/Pods-SimpleChat/Pods-SimpleChat.debug.xcconfig"; sourceTree = "<group>"; };
		983D4A0FBFC921842D326CFF /* Pods-SimpleChat.release.xcconfig */ = {isa = PBXFileReference; includeInIndex = 1; lastKnownFileType = text.xcconfig; name = "Pods-SimpleChat.release.xcconfig"; path = "Pods/Target Support Files/Pods-SimpleChat/Pods-SimpleChat.release.xcconfig"; sourceTree = "<group>"; };
		CD1A8E192055B1B90036A4EE /* SimpleChat.app */ = {isa = PBXFileReference; explicitFileType = wrapper.application; includeInIndex = 0; path = SimpleChat.app; sourceTree = BUILT_PRODUCTS_DIR; };
		CD1A8E1C2055B1B90036A4EE /* AppDelegate.swift */ = {isa = PBXFileReference; lastKnownFileType = sourcecode.swift; path = AppDelegate.swift; sourceTree = "<group>"; };
		CD1A8E1E2055B1B90036A4EE /* ViewController.swift */ = {isa = PBXFileReference; lastKnownFileType = sourcecode.swift; path = ViewController.swift; sourceTree = "<group>"; };
		CD1A8E212055B1B90036A4EE /* Base */ = {isa = PBXFileReference; lastKnownFileType = file.storyboard; name = Base; path = Base.lproj/Main.storyboard; sourceTree = "<group>"; };
		CD1A8E232055B1B90036A4EE /* Assets.xcassets */ = {isa = PBXFileReference; lastKnownFileType = folder.assetcatalog; path = Assets.xcassets; sourceTree = "<group>"; };
		CD1A8E262055B1B90036A4EE /* Base */ = {isa = PBXFileReference; lastKnownFileType = file.storyboard; name = Base; path = Base.lproj/LaunchScreen.storyboard; sourceTree = "<group>"; };
		CD1A8E282055B1B90036A4EE /* Info.plist */ = {isa = PBXFileReference; lastKnownFileType = text.plist.xml; path = Info.plist; sourceTree = "<group>"; };
		CD1A8E302055B21C0036A4EE /* ChatMessagesNode.swift */ = {isa = PBXFileReference; fileEncoding = 4; lastKnownFileType = sourcecode.swift; path = ChatMessagesNode.swift; sourceTree = "<group>"; };
		CD1A8E312055B21C0036A4EE /* MessageInputNode.swift */ = {isa = PBXFileReference; fileEncoding = 4; lastKnownFileType = sourcecode.swift; path = MessageInputNode.swift; sourceTree = "<group>"; };
		CD1A8E332055B21C0036A4EE /* ChatMessageViewController.swift */ = {isa = PBXFileReference; fileEncoding = 4; lastKnownFileType = sourcecode.swift; path = ChatMessageViewController.swift; sourceTree = "<group>"; };
		CD1A8E3B2055B37B0036A4EE /* MessageBubbleStyleProvider.swift */ = {isa = PBXFileReference; fileEncoding = 4; lastKnownFileType = sourcecode.swift; path = MessageBubbleStyleProvider.swift; sourceTree = "<group>"; };
		CD1A8E3C2055B37B0036A4EE /* MessageCellNode.swift */ = {isa = PBXFileReference; fileEncoding = 4; lastKnownFileType = sourcecode.swift; path = MessageCellNode.swift; sourceTree = "<group>"; };
		CD1A8E3D2055B37B0036A4EE /* MessageTextNode.swift */ = {isa = PBXFileReference; fileEncoding = 4; lastKnownFileType = sourcecode.swift; path = MessageTextNode.swift; sourceTree = "<group>"; };
		CD1A8E3E2055B37B0036A4EE /* Message.swift */ = {isa = PBXFileReference; fileEncoding = 4; lastKnownFileType = sourcecode.swift; path = Message.swift; sourceTree = "<group>"; };
		CD1A8E3F2055B37B0036A4EE /* MessageTextBubbleNode.swift */ = {isa = PBXFileReference; fileEncoding = 4; lastKnownFileType = sourcecode.swift; path = MessageTextBubbleNode.swift; sourceTree = "<group>"; };
		CD1A8E452055B4750036A4EE /* ImageExtensions.swift */ = {isa = PBXFileReference; fileEncoding = 4; lastKnownFileType = sourcecode.swift; path = ImageExtensions.swift; sourceTree = "<group>"; };
		CD1A8E482055CF630036A4EE /* ColorExtensions.swift */ = {isa = PBXFileReference; fileEncoding = 4; lastKnownFileType = sourcecode.swift; path = ColorExtensions.swift; sourceTree = "<group>"; };
		CD5EE3A120563907001E6ECC /* MessageController.swift */ = {isa = PBXFileReference; lastKnownFileType = sourcecode.swift; path = MessageController.swift; sourceTree = "<group>"; };
		CD603C6F2055D0BF0041B5CC /* StringExtensions.swift */ = {isa = PBXFileReference; lastKnownFileType = sourcecode.swift; path = StringExtensions.swift; sourceTree = "<group>"; };
/* End PBXFileReference section */

/* Begin PBXFrameworksBuildPhase section */
		CD1A8E162055B1B90036A4EE /* Frameworks */ = {
			isa = PBXFrameworksBuildPhase;
			buildActionMask = 2147483647;
			files = (
				CC529A84FC95949B5C037F1A /* Pods_SimpleChat.framework in Frameworks */,
			);
			runOnlyForDeploymentPostprocessing = 0;
		};
/* End PBXFrameworksBuildPhase section */

/* Begin PBXGroup section */
		02A4B2BDC61829F8A7405CB1 /* Frameworks */ = {
			isa = PBXGroup;
			children = (
				115538E6191D9E6FBFDA2872 /* Pods_SimpleChat.framework */,
			);
			name = Frameworks;
			sourceTree = "<group>";
		};
		AC8B240995D970907E94EEBA /* Pods */ = {
			isa = PBXGroup;
			children = (
				92150E3E4B884D7C7315A58E /* Pods-SimpleChat.debug.xcconfig */,
				983D4A0FBFC921842D326CFF /* Pods-SimpleChat.release.xcconfig */,
			);
			name = Pods;
			sourceTree = "<group>";
		};
		CD1A8E102055B1B90036A4EE = {
			isa = PBXGroup;
			children = (
				CD1A8E1B2055B1B90036A4EE /* SimpleChat */,
				CD1A8E1A2055B1B90036A4EE /* Products */,
				AC8B240995D970907E94EEBA /* Pods */,
				02A4B2BDC61829F8A7405CB1 /* Frameworks */,
			);
			sourceTree = "<group>";
		};
		CD1A8E1A2055B1B90036A4EE /* Products */ = {
			isa = PBXGroup;
			children = (
				CD1A8E192055B1B90036A4EE /* SimpleChat.app */,
			);
			name = Products;
			sourceTree = "<group>";
		};
		CD1A8E1B2055B1B90036A4EE /* SimpleChat */ = {
			isa = PBXGroup;
			children = (
				CD1A8E2E2055B2100036A4EE /* Nodes */,
				CD1A8E482055CF630036A4EE /* ColorExtensions.swift */,
				CD1A8E452055B4750036A4EE /* ImageExtensions.swift */,
				CD603C6F2055D0BF0041B5CC /* StringExtensions.swift */,
				CD5EE3A120563907001E6ECC /* MessageController.swift */,
				CD1A8E1C2055B1B90036A4EE /* AppDelegate.swift */,
				CD1A8E1E2055B1B90036A4EE /* ViewController.swift */,
				CD1A8E332055B21C0036A4EE /* ChatMessageViewController.swift */,
				CD1A8E202055B1B90036A4EE /* Main.storyboard */,
				CD1A8E232055B1B90036A4EE /* Assets.xcassets */,
				CD1A8E252055B1B90036A4EE /* LaunchScreen.storyboard */,
				CD1A8E282055B1B90036A4EE /* Info.plist */,
			);
			path = SimpleChat;
			sourceTree = "<group>";
		};
		CD1A8E2E2055B2100036A4EE /* Nodes */ = {
			isa = PBXGroup;
			children = (
				CD1A8E3E2055B37B0036A4EE /* Message.swift */,
				CD1A8E3B2055B37B0036A4EE /* MessageBubbleStyleProvider.swift */,
				CD1A8E3C2055B37B0036A4EE /* MessageCellNode.swift */,
				CD1A8E3F2055B37B0036A4EE /* MessageTextBubbleNode.swift */,
				CD1A8E3D2055B37B0036A4EE /* MessageTextNode.swift */,
				CD1A8E302055B21C0036A4EE /* ChatMessagesNode.swift */,
				CD1A8E312055B21C0036A4EE /* MessageInputNode.swift */,
			);
			path = Nodes;
			sourceTree = "<group>";
		};
/* End PBXGroup section */

/* Begin PBXNativeTarget section */
		CD1A8E182055B1B90036A4EE /* SimpleChat */ = {
			isa = PBXNativeTarget;
			buildConfigurationList = CD1A8E2B2055B1B90036A4EE /* Build configuration list for PBXNativeTarget "SimpleChat" */;
			buildPhases = (
				BF5592408AD932DC1755E75A /* [CP] Check Pods Manifest.lock */,
				CD1A8E152055B1B90036A4EE /* Sources */,
				CD1A8E162055B1B90036A4EE /* Frameworks */,
				CD1A8E172055B1B90036A4EE /* Resources */,
				A53FBA14DBD1E3E136FA7076 /* [CP] Embed Pods Frameworks */,
				FCBA58252920E884F7C40415 /* [CP] Copy Pods Resources */,
			);
			buildRules = (
			);
			dependencies = (
			);
			name = SimpleChat;
			productName = SimpleChat;
			productReference = CD1A8E192055B1B90036A4EE /* SimpleChat.app */;
			productType = "com.apple.product-type.application";
		};
/* End PBXNativeTarget section */

/* Begin PBXProject section */
		CD1A8E112055B1B90036A4EE /* Project object */ = {
			isa = PBXProject;
			attributes = {
				LastSwiftUpdateCheck = 0920;
				LastUpgradeCheck = 0920;
				ORGANIZATIONNAME = "Jeremy Zhou";
				TargetAttributes = {
					CD1A8E182055B1B90036A4EE = {
						CreatedOnToolsVersion = 9.2;
						ProvisioningStyle = Automatic;
					};
				};
			};
			buildConfigurationList = CD1A8E142055B1B90036A4EE /* Build configuration list for PBXProject "SimpleChat" */;
			compatibilityVersion = "Xcode 8.0";
			developmentRegion = en;
			hasScannedForEncodings = 0;
			knownRegions = (
				en,
				Base,
			);
			mainGroup = CD1A8E102055B1B90036A4EE;
			productRefGroup = CD1A8E1A2055B1B90036A4EE /* Products */;
			projectDirPath = "";
			projectRoot = "";
			targets = (
				CD1A8E182055B1B90036A4EE /* SimpleChat */,
			);
		};
/* End PBXProject section */

/* Begin PBXResourcesBuildPhase section */
		CD1A8E172055B1B90036A4EE /* Resources */ = {
			isa = PBXResourcesBuildPhase;
			buildActionMask = 2147483647;
			files = (
				CD1A8E272055B1B90036A4EE /* LaunchScreen.storyboard in Resources */,
				CD1A8E242055B1B90036A4EE /* Assets.xcassets in Resources */,
				CD1A8E222055B1B90036A4EE /* Main.storyboard in Resources */,
			);
			runOnlyForDeploymentPostprocessing = 0;
		};
/* End PBXResourcesBuildPhase section */

/* Begin PBXShellScriptBuildPhase section */
		A53FBA14DBD1E3E136FA7076 /* [CP] Embed Pods Frameworks */ = {
			isa = PBXShellScriptBuildPhase;
			buildActionMask = 2147483647;
			files = (
			);
			inputPaths = (
				"${SRCROOT}/Pods/Target Support Files/Pods-SimpleChat/Pods-SimpleChat-frameworks.sh",
				"${BUILT_PRODUCTS_DIR}/FPSCounter/FPSCounter.framework",
				"${BUILT_PRODUCTS_DIR}/PINCache/PINCache.framework",
				"${BUILT_PRODUCTS_DIR}/PINOperation/PINOperation.framework",
				"${BUILT_PRODUCTS_DIR}/PINRemoteImage/PINRemoteImage.framework",
				"${BUILT_PRODUCTS_DIR}/Texture/AsyncDisplayKit.framework",
			);
			name = "[CP] Embed Pods Frameworks";
			outputPaths = (
				"${TARGET_BUILD_DIR}/${FRAMEWORKS_FOLDER_PATH}/FPSCounter.framework",
				"${TARGET_BUILD_DIR}/${FRAMEWORKS_FOLDER_PATH}/PINCache.framework",
				"${TARGET_BUILD_DIR}/${FRAMEWORKS_FOLDER_PATH}/PINOperation.framework",
				"${TARGET_BUILD_DIR}/${FRAMEWORKS_FOLDER_PATH}/PINRemoteImage.framework",
				"${TARGET_BUILD_DIR}/${FRAMEWORKS_FOLDER_PATH}/AsyncDisplayKit.framework",
			);
			runOnlyForDeploymentPostprocessing = 0;
			shellPath = /bin/sh;
			shellScript = "\"${SRCROOT}/Pods/Target Support Files/Pods-SimpleChat/Pods-SimpleChat-frameworks.sh\"\n";
			showEnvVarsInLog = 0;
		};
		BF5592408AD932DC1755E75A /* [CP] Check Pods Manifest.lock */ = {
			isa = PBXShellScriptBuildPhase;
			buildActionMask = 2147483647;
			files = (
			);
			inputPaths = (
				"${PODS_PODFILE_DIR_PATH}/Podfile.lock",
				"${PODS_ROOT}/Manifest.lock",
			);
			name = "[CP] Check Pods Manifest.lock";
			outputPaths = (
				"$(DERIVED_FILE_DIR)/Pods-SimpleChat-checkManifestLockResult.txt",
			);
			runOnlyForDeploymentPostprocessing = 0;
			shellPath = /bin/sh;
			shellScript = "diff \"${PODS_PODFILE_DIR_PATH}/Podfile.lock\" \"${PODS_ROOT}/Manifest.lock\" > /dev/null\nif [ $? != 0 ] ; then\n    # print error to STDERR\n    echo \"error: The sandbox is not in sync with the Podfile.lock. Run 'pod install' or update your CocoaPods installation.\" >&2\n    exit 1\nfi\n# This output is used by Xcode 'outputs' to avoid re-running this script phase.\necho \"SUCCESS\" > \"${SCRIPT_OUTPUT_FILE_0}\"\n";
			showEnvVarsInLog = 0;
		};
		FCBA58252920E884F7C40415 /* [CP] Copy Pods Resources */ = {
			isa = PBXShellScriptBuildPhase;
			buildActionMask = 2147483647;
			files = (
			);
			inputPaths = (
			);
			name = "[CP] Copy Pods Resources";
			outputPaths = (
			);
			runOnlyForDeploymentPostprocessing = 0;
			shellPath = /bin/sh;
			shellScript = "\"${SRCROOT}/Pods/Target Support Files/Pods-SimpleChat/Pods-SimpleChat-resources.sh\"\n";
			showEnvVarsInLog = 0;
		};
/* End PBXShellScriptBuildPhase section */

/* Begin PBXSourcesBuildPhase section */
		CD1A8E152055B1B90036A4EE /* Sources */ = {
			isa = PBXSourcesBuildPhase;
			buildActionMask = 2147483647;
			files = (
				CD1A8E402055B37B0036A4EE /* MessageBubbleStyleProvider.swift in Sources */,
				CD1A8E372055B21C0036A4EE /* MessageInputNode.swift in Sources */,
				CD1A8E462055B4750036A4EE /* ImageExtensions.swift in Sources */,
				CD1A8E412055B37B0036A4EE /* MessageCellNode.swift in Sources */,
				CD1A8E422055B37B0036A4EE /* MessageTextNode.swift in Sources */,
				CD1A8E1F2055B1B90036A4EE /* ViewController.swift in Sources */,
				CD1A8E1D2055B1B90036A4EE /* AppDelegate.swift in Sources */,
				CD5EE3A220563907001E6ECC /* MessageController.swift in Sources */,
				CD1A8E442055B37B0036A4EE /* MessageTextBubbleNode.swift in Sources */,
				CD1A8E432055B37B0036A4EE /* Message.swift in Sources */,
				CD603C702055D0BF0041B5CC /* StringExtensions.swift in Sources */,
				CD1A8E392055B21C0036A4EE /* ChatMessageViewController.swift in Sources */,
				CD1A8E362055B21C0036A4EE /* ChatMessagesNode.swift in Sources */,
				CD1A8E4A2055CF630036A4EE /* ColorExtensions.swift in Sources */,
			);
			runOnlyForDeploymentPostprocessing = 0;
		};
/* End PBXSourcesBuildPhase section */

/* Begin PBXVariantGroup section */
		CD1A8E202055B1B90036A4EE /* Main.storyboard */ = {
			isa = PBXVariantGroup;
			children = (
				CD1A8E212055B1B90036A4EE /* Base */,
			);
			name = Main.storyboard;
			sourceTree = "<group>";
		};
		CD1A8E252055B1B90036A4EE /* LaunchScreen.storyboard */ = {
			isa = PBXVariantGroup;
			children = (
				CD1A8E262055B1B90036A4EE /* Base */,
			);
			name = LaunchScreen.storyboard;
			sourceTree = "<group>";
		};
/* End PBXVariantGroup section */

/* Begin XCBuildConfiguration section */
		CD1A8E292055B1B90036A4EE /* Debug */ = {
			isa = XCBuildConfiguration;
			buildSettings = {
				ALWAYS_SEARCH_USER_PATHS = NO;
				CLANG_ANALYZER_NONNULL = YES;
				CLANG_ANALYZER_NUMBER_OBJECT_CONVERSION = YES_AGGRESSIVE;
				CLANG_CXX_LANGUAGE_STANDARD = "gnu++14";
				CLANG_CXX_LIBRARY = "libc++";
				CLANG_ENABLE_MODULES = YES;
				CLANG_ENABLE_OBJC_ARC = YES;
				CLANG_WARN_BLOCK_CAPTURE_AUTORELEASING = YES;
				CLANG_WARN_BOOL_CONVERSION = YES;
				CLANG_WARN_COMMA = YES;
				CLANG_WARN_CONSTANT_CONVERSION = YES;
				CLANG_WARN_DIRECT_OBJC_ISA_USAGE = YES_ERROR;
				CLANG_WARN_DOCUMENTATION_COMMENTS = YES;
				CLANG_WARN_EMPTY_BODY = YES;
				CLANG_WARN_ENUM_CONVERSION = YES;
				CLANG_WARN_INFINITE_RECURSION = YES;
				CLANG_WARN_INT_CONVERSION = YES;
				CLANG_WARN_NON_LITERAL_NULL_CONVERSION = YES;
				CLANG_WARN_OBJC_LITERAL_CONVERSION = YES;
				CLANG_WARN_OBJC_ROOT_CLASS = YES_ERROR;
				CLANG_WARN_RANGE_LOOP_ANALYSIS = YES;
				CLANG_WARN_STRICT_PROTOTYPES = YES;
				CLANG_WARN_SUSPICIOUS_MOVE = YES;
				CLANG_WARN_UNGUARDED_AVAILABILITY = YES_AGGRESSIVE;
				CLANG_WARN_UNREACHABLE_CODE = YES;
				CLANG_WARN__DUPLICATE_METHOD_MATCH = YES;
				CODE_SIGN_IDENTITY = "iPhone Developer";
				COPY_PHASE_STRIP = NO;
				DEBUG_INFORMATION_FORMAT = dwarf;
				ENABLE_STRICT_OBJC_MSGSEND = YES;
				ENABLE_TESTABILITY = YES;
				GCC_C_LANGUAGE_STANDARD = gnu11;
				GCC_DYNAMIC_NO_PIC = NO;
				GCC_NO_COMMON_BLOCKS = YES;
				GCC_OPTIMIZATION_LEVEL = 0;
				GCC_PREPROCESSOR_DEFINITIONS = (
					"DEBUG=1",
					"$(inherited)",
				);
				GCC_WARN_64_TO_32_BIT_CONVERSION = YES;
				GCC_WARN_ABOUT_RETURN_TYPE = YES_ERROR;
				GCC_WARN_UNDECLARED_SELECTOR = YES;
				GCC_WARN_UNINITIALIZED_AUTOS = YES_AGGRESSIVE;
				GCC_WARN_UNUSED_FUNCTION = YES;
				GCC_WARN_UNUSED_VARIABLE = YES;
				IPHONEOS_DEPLOYMENT_TARGET = 11.2;
				MTL_ENABLE_DEBUG_INFO = YES;
				ONLY_ACTIVE_ARCH = YES;
				SDKROOT = iphoneos;
				SWIFT_ACTIVE_COMPILATION_CONDITIONS = DEBUG;
				SWIFT_OPTIMIZATION_LEVEL = "-Onone";
			};
			name = Debug;
		};
		CD1A8E2A2055B1B90036A4EE /* Release */ = {
			isa = XCBuildConfiguration;
			buildSettings = {
				ALWAYS_SEARCH_USER_PATHS = NO;
				CLANG_ANALYZER_NONNULL = YES;
				CLANG_ANALYZER_NUMBER_OBJECT_CONVERSION = YES_AGGRESSIVE;
				CLANG_CXX_LANGUAGE_STANDARD = "gnu++14";
				CLANG_CXX_LIBRARY = "libc++";
				CLANG_ENABLE_MODULES = YES;
				CLANG_ENABLE_OBJC_ARC = YES;
				CLANG_WARN_BLOCK_CAPTURE_AUTORELEASING = YES;
				CLANG_WARN_BOOL_CONVERSION = YES;
				CLANG_WARN_COMMA = YES;
				CLANG_WARN_CONSTANT_CONVERSION = YES;
				CLANG_WARN_DIRECT_OBJC_ISA_USAGE = YES_ERROR;
				CLANG_WARN_DOCUMENTATION_COMMENTS = YES;
				CLANG_WARN_EMPTY_BODY = YES;
				CLANG_WARN_ENUM_CONVERSION = YES;
				CLANG_WARN_INFINITE_RECURSION = YES;
				CLANG_WARN_INT_CONVERSION = YES;
				CLANG_WARN_NON_LITERAL_NULL_CONVERSION = YES;
				CLANG_WARN_OBJC_LITERAL_CONVERSION = YES;
				CLANG_WARN_OBJC_ROOT_CLASS = YES_ERROR;
				CLANG_WARN_RANGE_LOOP_ANALYSIS = YES;
				CLANG_WARN_STRICT_PROTOTYPES = YES;
				CLANG_WARN_SUSPICIOUS_MOVE = YES;
				CLANG_WARN_UNGUARDED_AVAILABILITY = YES_AGGRESSIVE;
				CLANG_WARN_UNREACHABLE_CODE = YES;
				CLANG_WARN__DUPLICATE_METHOD_MATCH = YES;
				CODE_SIGN_IDENTITY = "iPhone Developer";
				COPY_PHASE_STRIP = NO;
				DEBUG_INFORMATION_FORMAT = "dwarf-with-dsym";
				ENABLE_NS_ASSERTIONS = NO;
				ENABLE_STRICT_OBJC_MSGSEND = YES;
				GCC_C_LANGUAGE_STANDARD = gnu11;
				GCC_NO_COMMON_BLOCKS = YES;
				GCC_WARN_64_TO_32_BIT_CONVERSION = YES;
				GCC_WARN_ABOUT_RETURN_TYPE = YES_ERROR;
				GCC_WARN_UNDECLARED_SELECTOR = YES;
				GCC_WARN_UNINITIALIZED_AUTOS = YES_AGGRESSIVE;
				GCC_WARN_UNUSED_FUNCTION = YES;
				GCC_WARN_UNUSED_VARIABLE = YES;
				IPHONEOS_DEPLOYMENT_TARGET = 11.2;
				MTL_ENABLE_DEBUG_INFO = NO;
				SDKROOT = iphoneos;
				SWIFT_OPTIMIZATION_LEVEL = "-Owholemodule";
				VALIDATE_PRODUCT = YES;
			};
			name = Release;
		};
		CD1A8E2C2055B1B90036A4EE /* Debug */ = {
			isa = XCBuildConfiguration;
			baseConfigurationReference = 92150E3E4B884D7C7315A58E /* Pods-SimpleChat.debug.xcconfig */;
			buildSettings = {
				ASSETCATALOG_COMPILER_APPICON_NAME = AppIcon;
				CODE_SIGN_STYLE = Automatic;
				DEVELOPMENT_TEAM = A72RPULJZD;
				INFOPLIST_FILE = SimpleChat/Info.plist;
				LD_RUNPATH_SEARCH_PATHS = "$(inherited) @executable_path/Frameworks";
				PRODUCT_BUNDLE_IDENTIFIER = org.common.sense.SimpleChat;
				PRODUCT_NAME = "$(TARGET_NAME)";
				SWIFT_VERSION = 4.0;
				TARGETED_DEVICE_FAMILY = "1,2";
			};
			name = Debug;
		};
		CD1A8E2D2055B1B90036A4EE /* Release */ = {
			isa = XCBuildConfiguration;
			baseConfigurationReference = 983D4A0FBFC921842D326CFF /* Pods-SimpleChat.release.xcconfig */;
			buildSettings = {
				ASSETCATALOG_COMPILER_APPICON_NAME = AppIcon;
				CODE_SIGN_STYLE = Automatic;
				DEVELOPMENT_TEAM = A72RPULJZD;
				INFOPLIST_FILE = SimpleChat/Info.plist;
				LD_RUNPATH_SEARCH_PATHS = "$(inherited) @executable_path/Frameworks";
				PRODUCT_BUNDLE_IDENTIFIER = org.common.sense.SimpleChat;
				PRODUCT_NAME = "$(TARGET_NAME)";
				SWIFT_VERSION = 4.0;
				TARGETED_DEVICE_FAMILY = "1,2";
			};
			name = Release;
		};
/* End XCBuildConfiguration section */

/* Begin XCConfigurationList section */
		CD1A8E142055B1B90036A4EE /* Build configuration list for PBXProject "SimpleChat" */ = {
			isa = XCConfigurationList;
			buildConfigurations = (
				CD1A8E292055B1B90036A4EE /* Debug */,
				CD1A8E2A2055B1B90036A4EE /* Release */,
			);
			defaultConfigurationIsVisible = 0;
			defaultConfigurationName = Release;
		};
		CD1A8E2B2055B1B90036A4EE /* Build configuration list for PBXNativeTarget "SimpleChat" */ = {
			isa = XCConfigurationList;
			buildConfigurations = (
				CD1A8E2C2055B1B90036A4EE /* Debug */,
				CD1A8E2D2055B1B90036A4EE /* Release */,
			);
			defaultConfigurationIsVisible = 0;
			defaultConfigurationName = Release;
		};
/* End XCConfigurationList section */
	};
	rootObject = CD1A8E112055B1B90036A4EE /* Project object */;
}
